
Microsoft Visual Studio Solution File, Format Version 12.00
# Visual Studio Version 17
VisualStudioVersion = 17.8.34330.188
MinimumVisualStudioVersion = 10.0.40219.1
Project("{9A19103F-16F7-4668-BE54-9A1E7A4F7556}") = "API", "API\API.csproj", "{74FEF7BE-18AB-4EE2-A117-DFF96C2D51B8}"
EndProject
Project("{9A19103F-16F7-4668-BE54-9A1E7A4F7556}") = "WpfApp_front", "..\ProjetWPF\WpfApp_front\WpfApp_front.csproj", "{C386A253-A441-4A52-94F0-A3600873EBDE}"
EndProject
Global
	GlobalSection(SolutionConfigurationPlatforms) = preSolution
		Debug|Any CPU = Debug|Any CPU
		Release|Any CPU = Release|Any CPU
	EndGlobalSection
	GlobalSection(ProjectConfigurationPlatforms) = postSolution
		{74FEF7BE-18AB-4EE2-A117-DFF96C2D51B8}.Debug|Any CPU.ActiveCfg = Debug|Any CPU
		{74FEF7BE-18AB-4EE2-A117-DFF96C2D51B8}.Debug|Any CPU.Build.0 = Debug|Any CPU
		{74FEF7BE-18AB-4EE2-A117-DFF96C2D51B8}.Release|Any CPU.ActiveCfg = Release|Any CPU
		{74FEF7BE-18AB-4EE2-A117-DFF96C2D51B8}.Release|Any CPU.Build.0 = Release|Any CPU
		{C386A253-A441-4A52-94F0-A3600873EBDE}.Debug|Any CPU.ActiveCfg = Debug|Any CPU
		{C386A253-A441-4A52-94F0-A3600873EBDE}.Debug|Any CPU.Build.0 = Debug|Any CPU
		{C386A253-A441-4A52-94F0-A3600873EBDE}.Release|Any CPU.ActiveCfg = Release|Any CPU
		{C386A253-A441-4A52-94F0-A3600873EBDE}.Release|Any CPU.Build.0 = Release|Any CPU
	EndGlobalSection
	GlobalSection(SolutionProperties) = preSolution
		HideSolutionNode = FALSE
	EndGlobalSection
	GlobalSection(ExtensibilityGlobals) = postSolution
		SolutionGuid = {33A2743A-29DB-465B-BCBE-6E3CEA80D3DD}
	EndGlobalSection
EndGlobal
